// !$*UTF8*$!
{
	archiveVersion = 1;
	classes = {
	};
	objectVersion = 77;
	objects = {

/* Begin PBXContainerItemProxy section */
		DF325E802FE5861700D68883 /* PBXContainerItemProxy */ = {
			isa = PBXContainerItemProxy;
			containerPortal = DF325E682FE5861600D68883 /* Project object */;
			proxyType = 1;
			remoteGlobalIDString = DF325E6F2FE5861600D68883;
			remoteInfo = SystemAudioSpectrogram;
		};
		DF325E8A2FE5861700D68883 /* PBXContainerItemProxy */ = {
			isa = PBXContainerItemProxy;
			containerPortal = DF325E682FE5861600D68883 /* Project object */;
			proxyType = 1;
			remoteGlobalIDString = DF325E6F2FE5861600D68883;
			remoteInfo = SystemAudioSpectrogram;
		};
/* End PBXContainerItemProxy section */

/* Begin PBXFileReference section */
		DF325E702FE5861600D68883 /* SystemAudioSpectrogram.app */ = {isa = PBXFileReference; explicitFileType = wrapper.application; includeInIndex = 0; path = SystemAudioSpectrogram.app; sourceTree = BUILT_PRODUCTS_DIR; };
		DF325E7F2FE5861700D68883 /* SystemAudioSpectrogramTests.xctest */ = {isa = PBXFileReference; explicitFileType = wrapper.cfbundle; includeInIndex = 0; path = SystemAudioSpectrogramTests.xctest; sourceTree = BUILT_PRODUCTS_DIR; };
		DF325E892FE5861700D68883 /* SystemAudioSpectrogramUITests.xctest */ = {isa = PBXFileReference; explicitFileType = wrapper.cfbundle; includeInIndex = 0; path = SystemAudioSpectrogramUITests.xctest; sourceTree = BUILT_PRODUCTS_DIR; };
/* End PBXFileReference section */

/* Begin PBXFileSystemSynchronizedBuildFileExceptionSet section */
		DF325EA02FE5861700D68883 /* PBXFileSystemSynchronizedBuildFileExceptionSet */ = {
			isa = PBXFileSystemSynchronizedBuildFileExceptionSet;
			membershipExceptions = (
				Info.plist,
				SystemAudioSpectrogram.entitlements,
			);
			target = DF325E6F2FE5861600D68883 /* SystemAudioSpectrogram */;
		};
/* End PBXFileSystemSynchronizedBuildFileExceptionSet section */

/* Begin PBXFileSystemSynchronizedRootGroup section */
		DF325E722FE5861600D68883 /* SystemAudioSpectrogram */ = {
			isa = PBXFileSystemSynchronizedRootGroup;
			exceptions = (
				DF325EA02FE5861700D68883 /* PBXFileSystemSynchronizedBuildFileExceptionSet */,
			);
			path = SystemAudioSpectrogram;
			sourceTree = "<group>";
		};
		DF325E822FE5861700D68883 /* SystemAudioSpectrogramTests */ = {
			isa = PBXFileSystemSynchronizedRootGroup;
			path = SystemAudioSpectrogramTests;
			sourceTree = "<group>";
		};
		DF325E8C2FE5861700D68883 /* SystemAudioSpectrogramUITests */ = {
			isa = PBXFileSystemSynchronizedRootGroup;
			path = SystemAudioSpectrogramUITests;
			sourceTree = "<group>";
		};
/* End PBXFileSystemSynchronizedRootGroup section */

/* Begin PBXFrameworksBuildPhase section */
		DF325E6D2FE5861600D68883 /* Frameworks */ = {
			isa = PBXFrameworksBuildPhase;
			buildActionMask = 2147483647;
			files = (
			);
			runOnlyForDeploymentPostprocessing = 0;
		};
		DF325E7C2FE5861700D68883 /* Frameworks */ = {
			isa = PBXFrameworksBuildPhase;
			buildActionMask = 2147483647;
			files = (
			);
			runOnlyForDeploymentPostprocessing = 0;
		};
		DF325E862FE5861700D68883 /* Frameworks */ = {
			isa = PBXFrameworksBuildPhase;
			buildActionMask = 2147483647;
			files = (
			);
			runOnlyForDeploymentPostprocessing = 0;
		};
/* End PBXFrameworksBuildPhase section */

/* Begin PBXGroup section */
		DF325E672FE5861600D68883 = {
			isa = PBXGroup;
			children = (
				DF325E722FE5861600D68883 /* SystemAudioSpectrogram */,
				DF325E822FE5861700D68883 /* SystemAudioSpectrogramTests */,
				DF325E8C2FE5861700D68883 /* SystemAudioSpectrogramUITests */,
				DF325E712FE5861600D68883 /* Products */,
			);
			sourceTree = "<group>";
		};
		DF325E712FE5861600D68883 /* Products */ = {
			isa = PBXGroup;
			children = (
				DF325E702FE5861600D68883 /* SystemAudioSpectrogram.app */,
				DF325E7F2FE5861700D68883 /* SystemAudioSpectrogramTests.xctest */,
				DF325E892FE5861700D68883 /* SystemAudioSpectrogramUITests.xctest */,
			);
			name = Products;
			sourceTree = "<group>";
		};
/* End PBXGroup section */

/* Begin PBXNativeTarget section */
		DF325E6F2FE5861600D68883 /* SystemAudioSpectrogram */ = {
			isa = PBXNativeTarget;
			buildConfigurationList = DF325E932FE5861700D68883 /* Build configuration list for PBXNativeTarget "SystemAudioSpectrogram" */;
			buildPhases = (
				DF325E6C2FE5861600D68883 /* Sources */,
				DF325E6D2FE5861600D68883 /* Frameworks */,
				DF325E6E2FE5861600D68883 /* Resources */,
			);
			buildRules = (
			);
			dependencies = (
			);
			fileSystemSynchronizedGroups = (
				DF325E722FE5861600D68883 /* SystemAudioSpectrogram */,
			);
			name = SystemAudioSpectrogram;
			packageProductDependencies = (
			);
			productName = SystemAudioSpectrogram;
			productReference = DF325E702FE5861600D68883 /* SystemAudioSpectrogram.app */;
			productType = "com.apple.product-type.application";
		};
		DF325E7E2FE5861700D68883 /* SystemAudioSpectrogramTests */ = {
			isa = PBXNativeTarget;
			buildConfigurationList = DF325E962FE5861700D68883 /* Build configuration list for PBXNativeTarget "SystemAudioSpectrogramTests" */;
			buildPhases = (
				DF325E7B2FE5861700D68883 /* Sources */,
				DF325E7C2FE5861700D68883 /* Frameworks */,
				DF325E7D2FE5861700D68883 /* Resources */,
			);
			buildRules = (
			);
			dependencies = (
				DF325E812FE5861700D68883 /* PBXTargetDependency */,
			);
			fileSystemSynchronizedGroups = (
				DF325E822FE5861700D68883 /* SystemAudioSpectrogramTests */,
			);
			name = SystemAudioSpectrogramTests;
			packageProductDependencies = (
			);
			productName = SystemAudioSpectrogramTests;
			productReference = DF325E7F2FE5861700D68883 /* SystemAudioSpectrogramTests.xctest */;
			productType = "com.apple.product-type.bundle.unit-test";
		};
		DF325E882FE5861700D68883 /* SystemAudioSpectrogramUITests */ = {
			isa = PBXNativeTarget;
			buildConfigurationList = DF325E992FE5861700D68883 /* Build configuration list for PBXNativeTarget "SystemAudioSpectrogramUITests" */;
			buildPhases = (
				DF325E852FE5861700D68883 /* Sources */,
				DF325E862FE5861700D68883 /* Frameworks */,
				DF325E872FE5861700D68883 /* Resources */,
			);
			buildRules = (
			);
			dependencies = (
				DF325E8B2FE5861700D68883 /* PBXTargetDependency */,
			);
			fileSystemSynchronizedGroups = (
				DF325E8C2FE5861700D68883 /* SystemAudioSpectrogramUITests */,
			);
			name = SystemAudioSpectrogramUITests;
			packageProductDependencies = (
			);
			productName = SystemAudioSpectrogramUITests;
			productReference = DF325E892FE5861700D68883 /* SystemAudioSpectrogramUITests.xctest */;
			productType = "com.apple.product-type.bundle.ui-testing";
		};
/* End PBXNativeTarget section */

/* Begin PBXProject section */
		DF325E682FE5861600D68883 /* Project object */ = {
			isa = PBXProject;
			attributes = {
				BuildIndependentTargetsInParallel = 1;
				LastSwiftUpdateCheck = 2650;
				LastUpgradeCheck = 2660;
				TargetAttributes = {
					DF325E6F2FE5861600D68883 = {
						CreatedOnToolsVersion = 26.5;
					};
					DF325E7E2FE5861700D68883 = {
						CreatedOnToolsVersion = 26.5;
						TestTargetID = DF325E6F2FE5861600D68883;
					};
					DF325E882FE5861700D68883 = {
						CreatedOnToolsVersion = 26.5;
						TestTargetID = DF325E6F2FE5861600D68883;
					};
				};
			};
			buildConfigurationList = DF325E6B2FE5861600D68883 /* Build configuration list for PBXProject "SystemAudioSpectrogram" */;
			developmentRegion = en;
			hasScannedForEncodings = 0;
			knownRegions = (
				en,
				Base,
			);
			mainGroup = DF325E672FE5861600D68883;
			minimizedProjectReferenceProxies = 1;
			preferredProjectObjectVersion = 77;
			productRefGroup = DF325E712FE5861600D68883 /* Products */;
			projectDirPath = "";
			projectRoot = "";
			targets = (
				DF325E6F2FE5861600D68883 /* SystemAudioSpectrogram */,
				DF325E7E2FE5861700D68883 /* SystemAudioSpectrogramTests */,
				DF325E882FE5861700D68883 /* SystemAudioSpectrogramUITests */,
			);
		};
/* End PBXProject section */

/* Begin PBXResourcesBuildPhase section */
		DF325E6E2FE5861600D68883 /* Resources */ = {
			isa = PBXResourcesBuildPhase;
			buildActionMask = 2147483647;
			files = (
			);
			runOnlyForDeploymentPostprocessing = 0;
		};
		DF325E7D2FE5861700D68883 /* Resources */ = {
			isa = PBXResourcesBuildPhase;
			buildActionMask = 2147483647;
			files = (
			);
			runOnlyForDeploymentPostprocessing = 0;
		};
		DF325E872FE5861700D68883 /* Resources */ = {
			isa = PBXResourcesBuildPhase;
			buildActionMask = 2147483647;
			files = (
			);
			runOnlyForDeploymentPostprocessing = 0;
		};
/* End PBXResourcesBuildPhase section */

/* Begin PBXSourcesBuildPhase section */
		DF325E6C2FE5861600D68883 /* Sources */ = {
			isa = PBXSourcesBuildPhase;
			buildActionMask = 2147483647;
			files = (
			);
			runOnlyForDeploymentPostprocessing = 0;
		};
		DF325E7B2FE5861700D68883 /* Sources */ = {
			isa = PBXSourcesBuildPhase;
			buildActionMask = 2147483647;
			files = (
			);
			runOnlyForDeploymentPostprocessing = 0;
		};
		DF325E852FE5861700D68883 /* Sources */ = {
			isa = PBXSourcesBuildPhase;
			buildActionMask = 2147483647;
			files = (
			);
			runOnlyForDeploymentPostprocessing = 0;
		};
/* End PBXSourcesBuildPhase section */

/* Begin PBXTargetDependency section */
		DF325E812FE5861700D68883 /* PBXTargetDependency */ = {
			isa = PBXTargetDependency;
			target = DF325E6F2FE5861600D68883 /* SystemAudioSpectrogram */;
			targetProxy = DF325E802FE5861700D68883 /* PBXContainerItemProxy */;
		};
		DF325E8B2FE5861700D68883 /* PBXTargetDependency */ = {
			isa = PBXTargetDependency;
			target = DF325E6F2FE5861600D68883 /* SystemAudioSpectrogram */;
			targetProxy = DF325E8A2FE5861700D68883 /* PBXContainerItemProxy */;
		};
/* End PBXTargetDependency section */

/* Begin XCBuildConfiguration section */
		DF325E912FE5861700D68883 /* Debug */ = {
			isa = XCBuildConfiguration;
			buildSettings = {
				ALWAYS_SEARCH_USER_PATHS = NO;
				ASSETCATALOG_COMPILER_GENERATE_SWIFT_ASSET_SYMBOL_EXTENSIONS = YES;
				CLANG_ANALYZER_NONNULL = YES;
				CLANG_ANALYZER_NUMBER_OBJECT_CONVERSION = YES_AGGRESSIVE;
				CLANG_CXX_LANGUAGE_STANDARD = "gnu++20";
				CLANG_ENABLE_MODULES = YES;
				CLANG_ENABLE_OBJC_ARC = YES;
				CLANG_ENABLE_OBJC_WEAK = YES;
				CLANG_WARN_BLOCK_CAPTURE_AUTORELEASING = YES;
				CLANG_WARN_BOOL_CONVERSION = YES;
				CLANG_WARN_COMMA = YES;
				CLANG_WARN_CONSTANT_CONVERSION = YES;
				CLANG_WARN_DEPRECATED_OBJC_IMPLEMENTATIONS = YES;
				CLANG_WARN_DIRECT_OBJC_ISA_USAGE = YES_ERROR;
				CLANG_WARN_DOCUMENTATION_COMMENTS = YES;
				CLANG_WARN_EMPTY_BODY = YES;
				CLANG_WARN_ENUM_CONVERSION = YES;
				CLANG_WARN_INFINITE_RECURSION = YES;
				CLANG_WARN_INT_CONVERSION = YES;
				CLANG_WARN_NON_LITERAL_NULL_CONVERSION = YES;
				CLANG_WARN_OBJC_IMPLICIT_RETAIN_SELF = YES;
				CLANG_WARN_OBJC_LITERAL_CONVERSION = YES;
				CLANG_WARN_OBJC_ROOT_CLASS = YES_ERROR;
				CLANG_WARN_QUOTED_INCLUDE_IN_FRAMEWORK_HEADER = YES;
				CLANG_WARN_RANGE_LOOP_ANALYSIS = YES;
				CLANG_WARN_STRICT_PROTOTYPES = YES;
				CLANG_WARN_SUSPICIOUS_MOVE = YES;
				CLANG_WARN_UNGUARDED_AVAILABILITY = YES_AGGRESSIVE;
				CLANG_WARN_UNREACHABLE_CODE = YES;
				CLANG_WARN__DUPLICATE_METHOD_MATCH = YES;
				COPY_PHASE_STRIP = NO;
				DEAD_CODE_STRIPPING = YES;
				DEBUG_INFORMATION_FORMAT = dwarf;
				ENABLE_STRICT_OBJC_MSGSEND = YES;
				ENABLE_TESTABILITY = YES;
				ENABLE_USER_SCRIPT_SANDBOXING = YES;
				GCC_C_LANGUAGE_STANDARD = gnu17;
				GCC_DYNAMIC_NO_PIC = NO;
				GCC_NO_COMMON_BLOCKS = YES;
				GCC_OPTIMIZATION_LEVEL = 0;
				GCC_PREPROCESSOR_DEFINITIONS = (
					"DEBUG=1",
					"$(inherited)",
				);
				GCC_WARN_64_TO_32_BIT_CONVERSION = YES;
				GCC_WARN_ABOUT_RETURN_TYPE = YES_ERROR;
				GCC_WARN_UNDECLARED_SELECTOR = YES;
				GCC_WARN_UNINITIALIZED_AUTOS = YES_AGGRESSIVE;
				GCC_WARN_UNUSED_FUNCTION = YES;
				GCC_WARN_UNUSED_VARIABLE = YES;
				LOCALIZATION_PREFERS_STRING_CATALOGS = YES;
				MACOSX_DEPLOYMENT_TARGET = 14.2;
				MTL_ENABLE_DEBUG_INFO = INCLUDE_SOURCE;
				MTL_FAST_MATH = YES;
				ONLY_ACTIVE_ARCH = YES;
				SDKROOT = macosx;
				STRING_CATALOG_GENERATE_SYMBOLS = YES;
				SWIFT_ACTIVE_COMPILATION_CONDITIONS = "DEBUG $(inherited)";
				SWIFT_OPTIMIZATION_LEVEL = "-Onone";
			};
			name = Debug;
		};
		DF325E922FE5861700D68883 /* Release */ = {
			isa = XCBuildConfiguration;
			buildSettings = {
				ALWAYS_SEARCH_USER_PATHS = NO;
				ASSETCATALOG_COMPILER_GENERATE_SWIFT_ASSET_SYMBOL_EXTENSIONS = YES;
				CLANG_ANALYZER_NONNULL = YES;
				CLANG_ANALYZER_NUMBER_OBJECT_CONVERSION = YES_AGGRESSIVE;
				CLANG_CXX_LANGUAGE_STANDARD = "gnu++20";
				CLANG_ENABLE_MODULES = YES;
				CLANG_ENABLE_OBJC_ARC = YES;
				CLANG_ENABLE_OBJC_WEAK = YES;
				CLANG_WARN_BLOCK_CAPTURE_AUTORELEASING = YES;
				CLANG_WARN_BOOL_CONVERSION = YES;
				CLANG_WARN_COMMA = YES;
				CLANG_WARN_CONSTANT_CONVERSION = YES;
				CLANG_WARN_DEPRECATED_OBJC_IMPLEMENTATIONS = YES;
				CLANG_WARN_DIRECT_OBJC_ISA_USAGE = YES_ERROR;
				CLANG_WARN_DOCUMENTATION_COMMENTS = YES;
				CLANG_WARN_EMPTY_BODY = YES;
				CLANG_WARN_ENUM_CONVERSION = YES;
				CLANG_WARN_INFINITE_RECURSION = YES;
				CLANG_WARN_INT_CONVERSION = YES;
				CLANG_WARN_NON_LITERAL_NULL_CONVERSION = YES;
				CLANG_WARN_OBJC_IMPLICIT_RETAIN_SELF = YES;
				CLANG_WARN_OBJC_LITERAL_CONVERSION = YES;
				CLANG_WARN_OBJC_ROOT_CLASS = YES_ERROR;
				CLANG_WARN_QUOTED_INCLUDE_IN_FRAMEWORK_HEADER = YES;
				CLANG_WARN_RANGE_LOOP_ANALYSIS = YES;
				CLANG_WARN_STRICT_PROTOTYPES = YES;
				CLANG_WARN_SUSPICIOUS_MOVE = YES;
				CLANG_WARN_UNGUARDED_AVAILABILITY = YES_AGGRESSIVE;
				CLANG_WARN_UNREACHABLE_CODE = YES;
				CLANG_WARN__DUPLICATE_METHOD_MATCH = YES;
				COPY_PHASE_STRIP = NO;
				DEAD_CODE_STRIPPING = YES;
				DEBUG_INFORMATION_FORMAT = "dwarf-with-dsym";
				ENABLE_NS_ASSERTIONS = NO;
				ENABLE_STRICT_OBJC_MSGSEND = YES;
				ENABLE_USER_SCRIPT_SANDBOXING = YES;
				GCC_C_LANGUAGE_STANDARD = gnu17;
				GCC_NO_COMMON_BLOCKS = YES;
				GCC_WARN_64_TO_32_BIT_CONVERSION = YES;
				GCC_WARN_ABOUT_RETURN_TYPE = YES_ERROR;
				GCC_WARN_UNDECLARED_SELECTOR = YES;
				GCC_WARN_UNINITIALIZED_AUTOS = YES_AGGRESSIVE;
				GCC_WARN_UNUSED_FUNCTION = YES;
				GCC_WARN_UNUSED_VARIABLE = YES;
				LOCALIZATION_PREFERS_STRING_CATALOGS = YES;
				MACOSX_DEPLOYMENT_TARGET = 14.2;
				MTL_ENABLE_DEBUG_INFO = NO;
				MTL_FAST_MATH = YES;
				SDKROOT = macosx;
				STRING_CATALOG_GENERATE_SYMBOLS = YES;
				SWIFT_COMPILATION_MODE = wholemodule;
			};
			name = Release;
		};
		DF325E942FE5861700D68883 /* Debug */ = {
			isa = XCBuildConfiguration;
			buildSettings = {
				ASSETCATALOG_COMPILER_APPICON_NAME = AppIcon;
				ASSETCATALOG_COMPILER_GLOBAL_ACCENT_COLOR_NAME = AccentColor;
				CODE_SIGN_ENTITLEMENTS = SystemAudioSpectrogram/SystemAudioSpectrogram.entitlements;
				CODE_SIGN_STYLE = Automatic;
				COMBINE_HIDPI_IMAGES = YES;
				CURRENT_PROJECT_VERSION = 1;
				DEAD_CODE_STRIPPING = YES;
				ENABLE_APP_SANDBOX = YES;
				ENABLE_HARDENED_RUNTIME = YES;
				ENABLE_PREVIEWS = YES;
				GENERATE_INFOPLIST_FILE = NO;
				INFOPLIST_FILE = SystemAudioSpectrogram/Info.plist;
				LD_RUNPATH_SEARCH_PATHS = (
					"$(inherited)",
					"@executable_path/../Frameworks",
				);
				MARKETING_VERSION = 1.0;
				PRODUCT_BUNDLE_IDENTIFIER = io.github.log5r.SystemAudioSpectrogram;
				PRODUCT_NAME = "$(TARGET_NAME)";
				STRING_CATALOG_GENERATE_SYMBOLS = YES;
				SWIFT_APPROACHABLE_CONCURRENCY = YES;
				SWIFT_DEFAULT_ACTOR_ISOLATION = MainActor;
				SWIFT_EMIT_LOC_STRINGS = YES;
				SWIFT_OBJC_BRIDGING_HEADER = "SystemAudioSpectrogram/SystemAudioSpectrogram-Bridging-Header.h";
				SWIFT_UPCOMING_FEATURE_MEMBER_IMPORT_VISIBILITY = YES;
				SWIFT_VERSION = 6.0;
			};
			name = Debug;
		};
		DF325E952FE5861700D68883 /* Release */ = {
			isa = XCBuildConfiguration;
			buildSettings = {
				ASSETCATALOG_COMPILER_APPICON_NAME = AppIcon;
				ASSETCATALOG_COMPILER_GLOBAL_ACCENT_COLOR_NAME = AccentColor;
				CODE_SIGN_ENTITLEMENTS = SystemAudioSpectrogram/SystemAudioSpectrogram.entitlements;
				CODE_SIGN_STYLE = Automatic;
				COMBINE_HIDPI_IMAGES = YES;
				CURRENT_PROJECT_VERSION = 1;
				DEAD_CODE_STRIPPING = YES;
				ENABLE_APP_SANDBOX = YES;
				ENABLE_HARDENED_RUNTIME = YES;
				ENABLE_PREVIEWS = YES;
				GENERATE_INFOPLIST_FILE = NO;
				INFOPLIST_FILE = SystemAudioSpectrogram/Info.plist;
				LD_RUNPATH_SEARCH_PATHS = (
					"$(inherited)",
					"@executable_path/../Frameworks",
				);
				MARKETING_VERSION = 1.0;
				PRODUCT_BUNDLE_IDENTIFIER = io.github.log5r.SystemAudioSpectrogram;
				PRODUCT_NAME = "$(TARGET_NAME)";
				STRING_CATALOG_GENERATE_SYMBOLS = YES;
				SWIFT_APPROACHABLE_CONCURRENCY = YES;
				SWIFT_DEFAULT_ACTOR_ISOLATION = MainActor;
				SWIFT_EMIT_LOC_STRINGS = YES;
				SWIFT_OBJC_BRIDGING_HEADER = "SystemAudioSpectrogram/SystemAudioSpectrogram-Bridging-Header.h";
				SWIFT_UPCOMING_FEATURE_MEMBER_IMPORT_VISIBILITY = YES;
				SWIFT_VERSION = 6.0;
			};
			name = Release;
		};
		DF325E972FE5861700D68883 /* Debug */ = {
			isa = XCBuildConfiguration;
			buildSettings = {
				BUNDLE_LOADER = "$(TEST_HOST)";
				CODE_SIGN_STYLE = Automatic;
				CURRENT_PROJECT_VERSION = 1;
				DEAD_CODE_STRIPPING = YES;
				GENERATE_INFOPLIST_FILE = YES;
				MACOSX_DEPLOYMENT_TARGET = 14.2;
				MARKETING_VERSION = 1.0;
				PRODUCT_BUNDLE_IDENTIFIER = io.github.log5r.SystemAudioSpectrogramTests;
				PRODUCT_NAME = "$(TARGET_NAME)";
				STRING_CATALOG_GENERATE_SYMBOLS = NO;
				SWIFT_APPROACHABLE_CONCURRENCY = YES;
				SWIFT_EMIT_LOC_STRINGS = NO;
				SWIFT_UPCOMING_FEATURE_MEMBER_IMPORT_VISIBILITY = YES;
				SWIFT_VERSION = 6.0;
				TEST_HOST = "$(BUILT_PRODUCTS_DIR)/SystemAudioSpectrogram.app/$(BUNDLE_EXECUTABLE_FOLDER_PATH)/SystemAudioSpectrogram";
			};
			name = Debug;
		};
		DF325E982FE5861700D68883 /* Release */ = {
			isa = XCBuildConfiguration;
			buildSettings = {
				BUNDLE_LOADER = "$(TEST_HOST)";
				CODE_SIGN_STYLE = Automatic;
				CURRENT_PROJECT_VERSION = 1;
				DEAD_CODE_STRIPPING = YES;
				GENERATE_INFOPLIST_FILE = YES;
				MACOSX_DEPLOYMENT_TARGET = 14.2;
				MARKETING_VERSION = 1.0;
				PRODUCT_BUNDLE_IDENTIFIER = io.github.log5r.SystemAudioSpectrogramTests;
				PRODUCT_NAME = "$(TARGET_NAME)";
				STRING_CATALOG_GENERATE_SYMBOLS = NO;
				SWIFT_APPROACHABLE_CONCURRENCY = YES;
				SWIFT_EMIT_LOC_STRINGS = NO;
				SWIFT_UPCOMING_FEATURE_MEMBER_IMPORT_VISIBILITY = YES;
				SWIFT_VERSION = 6.0;
				TEST_HOST = "$(BUILT_PRODUCTS_DIR)/SystemAudioSpectrogram.app/$(BUNDLE_EXECUTABLE_FOLDER_PATH)/SystemAudioSpectrogram";
			};
			name = Release;
		};
		DF325E9A2FE5861700D68883 /* Debug */ = {
			isa = XCBuildConfiguration;
			buildSettings = {
				CODE_SIGN_STYLE = Automatic;
				CURRENT_PROJECT_VERSION = 1;
				DEAD_CODE_STRIPPING = YES;
				GENERATE_INFOPLIST_FILE = YES;
				MARKETING_VERSION = 1.0;
				PRODUCT_BUNDLE_IDENTIFIER = io.github.log5r.SystemAudioSpectrogramUITests;
				PRODUCT_NAME = "$(TARGET_NAME)";
				STRING_CATALOG_GENERATE_SYMBOLS = NO;
				SWIFT_APPROACHABLE_CONCURRENCY = YES;
				SWIFT_EMIT_LOC_STRINGS = NO;
				SWIFT_UPCOMING_FEATURE_MEMBER_IMPORT_VISIBILITY = YES;
				SWIFT_VERSION = 6.0;
				TEST_TARGET_NAME = SystemAudioSpectrogram;
			};
			name = Debug;
		};
		DF325E9B2FE5861700D68883 /* Release */ = {
			isa = XCBuildConfiguration;
			buildSettings = {
				CODE_SIGN_STYLE = Automatic;
				CURRENT_PROJECT_VERSION = 1;
				DEAD_CODE_STRIPPING = YES;
				GENERATE_INFOPLIST_FILE = YES;
				MARKETING_VERSION = 1.0;
				PRODUCT_BUNDLE_IDENTIFIER = io.github.log5r.SystemAudioSpectrogramUITests;
				PRODUCT_NAME = "$(TARGET_NAME)";
				STRING_CATALOG_GENERATE_SYMBOLS = NO;
				SWIFT_APPROACHABLE_CONCURRENCY = YES;
				SWIFT_EMIT_LOC_STRINGS = NO;
				SWIFT_UPCOMING_FEATURE_MEMBER_IMPORT_VISIBILITY = YES;
				SWIFT_VERSION = 6.0;
				TEST_TARGET_NAME = SystemAudioSpectrogram;
			};
			name = Release;
		};
/* End XCBuildConfiguration section */

/* Begin XCConfigurationList section */
		DF325E6B2FE5861600D68883 /* Build configuration list for PBXProject "SystemAudioSpectrogram" */ = {
			isa = XCConfigurationList;
			buildConfigurations = (
				DF325E912FE5861700D68883 /* Debug */,
				DF325E922FE5861700D68883 /* Release */,
			);
			defaultConfigurationIsVisible = 0;
			defaultConfigurationName = Release;
		};
		DF325E932FE5861700D68883 /* Build configuration list for PBXNativeTarget "SystemAudioSpectrogram" */ = {
			isa = XCConfigurationList;
			buildConfigurations = (
				DF325E942FE5861700D68883 /* Debug */,
				DF325E952FE5861700D68883 /* Release */,
			);
			defaultConfigurationIsVisible = 0;
			defaultConfigurationName = Release;
		};
		DF325E962FE5861700D68883 /* Build configuration list for PBXNativeTarget "SystemAudioSpectrogramTests" */ = {
			isa = XCConfigurationList;
			buildConfigurations = (
				DF325E972FE5861700D68883 /* Debug */,
				DF325E982FE5861700D68883 /* Release */,
			);
			defaultConfigurationIsVisible = 0;
			defaultConfigurationName = Release;
		};
		DF325E992FE5861700D68883 /* Build configuration list for PBXNativeTarget "SystemAudioSpectrogramUITests" */ = {
			isa = XCConfigurationList;
			buildConfigurations = (
				DF325E9A2FE5861700D68883 /* Debug */,
				DF325E9B2FE5861700D68883 /* Release */,
			);
			defaultConfigurationIsVisible = 0;
			defaultConfigurationName = Release;
		};
/* End XCConfigurationList section */
	};
	rootObject = DF325E682FE5861600D68883 /* Project object */;
}
